// !$*UTF8*$!
{
	archiveVersion = 1;
	classes = {
	};
	objectVersion = 46;
	objects = {

/* Begin PBXBuildFile section */
		5B5D913320DAE1C400C5ABAF /* AppDelegate.swift in Sources */ = {isa = PBXBuildFile; fileRef = 5B5D913220DAE1C400C5ABAF /* AppDelegate.swift */; };
		5B5D913A20DAE1C400C5ABAF /* Assets.xcassets in Resources */ = {isa = PBXBuildFile; fileRef = 5B5D913920DAE1C400C5ABAF /* Assets.xcassets */; };
		5B5D913D20DAE1C400C5ABAF /* LaunchScreen.storyboard in Resources */ = {isa = PBXBuildFile; fileRef = 5B5D913B20DAE1C400C5ABAF /* LaunchScreen.storyboard */; };
		5BB3697320DED24D00BEA616 /* LoginViewController.swift in Sources */ = {isa = PBXBuildFile; fileRef = 5BB3697220DED24D00BEA616 /* LoginViewController.swift */; };
		5BB3697620DED27F00BEA616 /* SignUpViewController.swift in Sources */ = {isa = PBXBuildFile; fileRef = 5BB3697520DED27F00BEA616 /* SignUpViewController.swift */; };
		5BB3697820DED29100BEA616 /* ResetPasswordViewController.swift in Sources */ = {isa = PBXBuildFile; fileRef = 5BB3697720DED29100BEA616 /* ResetPasswordViewController.swift */; };
		5BB3697A20DED68C00BEA616 /* Main.storyboard in Resources */ = {isa = PBXBuildFile; fileRef = 5BB3697920DED68C00BEA616 /* Main.storyboard */; };
		5BB3697E20DF9F7200BEA616 /* GoogleService-Info.plist in Resources */ = {isa = PBXBuildFile; fileRef = 5BB3697D20DF9F7200BEA616 /* GoogleService-Info.plist */; };
		5BB3698020DFFDF200BEA616 /* LoginScreenTextField.swift in Sources */ = {isa = PBXBuildFile; fileRef = 5BB3697F20DFFDF200BEA616 /* LoginScreenTextField.swift */; };
		5BB3698820E001D100BEA616 /* NeoSans Black Italic.otf in Resources */ = {isa = PBXBuildFile; fileRef = 5BB3698420E001D100BEA616 /* NeoSans Black Italic.otf */; };
		5BB3698920E001D100BEA616 /* NeoSans Black.otf in Resources */ = {isa = PBXBuildFile; fileRef = 5BB3698520E001D100BEA616 /* NeoSans Black.otf */; };
		5BB3698A20E001D100BEA616 /* NeoSans Light Italic.otf in Resources */ = {isa = PBXBuildFile; fileRef = 5BB3698620E001D100BEA616 /* NeoSans Light Italic.otf */; };
		5BB3698B20E001D100BEA616 /* NeoSans Medium Italic.otf in Resources */ = {isa = PBXBuildFile; fileRef = 5BB3698720E001D100BEA616 /* NeoSans Medium Italic.otf */; };
		5BB3698D20E0074B00BEA616 /* shopCardLogo.png in Resources */ = {isa = PBXBuildFile; fileRef = 5BB3698C20E0074B00BEA616 /* shopCardLogo.png */; };
		5BB369A520E2C5A500BEA616 /* Roboto-Black.ttf in Resources */ = {isa = PBXBuildFile; fileRef = 5BB3699320E2C5A500BEA616 /* Roboto-Black.ttf */; };
		5BB369A620E2C5A500BEA616 /* Roboto-BlackItalic.ttf in Resources */ = {isa = PBXBuildFile; fileRef = 5BB3699420E2C5A500BEA616 /* Roboto-BlackItalic.ttf */; };
		5BB369A720E2C5A500BEA616 /* Roboto-Bold.ttf in Resources */ = {isa = PBXBuildFile; fileRef = 5BB3699520E2C5A500BEA616 /* Roboto-Bold.ttf */; };
		5BB369A820E2C5A500BEA616 /* Roboto-BoldItalic.ttf in Resources */ = {isa = PBXBuildFile; fileRef = 5BB3699620E2C5A500BEA616 /* Roboto-BoldItalic.ttf */; };
		5BB369A920E2C5A500BEA616 /* Roboto-Italic.ttf in Resources */ = {isa = PBXBuildFile; fileRef = 5BB3699720E2C5A500BEA616 /* Roboto-Italic.ttf */; };
		5BB369AA20E2C5A500BEA616 /* Roboto-Light.ttf in Resources */ = {isa = PBXBuildFile; fileRef = 5BB3699820E2C5A500BEA616 /* Roboto-Light.ttf */; };
		5BB369AB20E2C5A500BEA616 /* Roboto-LightItalic.ttf in Resources */ = {isa = PBXBuildFile; fileRef = 5BB3699920E2C5A500BEA616 /* Roboto-LightItalic.ttf */; };
		5BB369AC20E2C5A500BEA616 /* Roboto-Medium.ttf in Resources */ = {isa = PBXBuildFile; fileRef = 5BB3699A20E2C5A500BEA616 /* Roboto-Medium.ttf */; };
		5BB369AD20E2C5A500BEA616 /* Roboto-MediumItalic.ttf in Resources */ = {isa = PBXBuildFile; fileRef = 5BB3699B20E2C5A500BEA616 /* Roboto-MediumItalic.ttf */; };
		5BB369AE20E2C5A500BEA616 /* Roboto-Regular.ttf in Resources */ = {isa = PBXBuildFile; fileRef = 5BB3699C20E2C5A500BEA616 /* Roboto-Regular.ttf */; };
		5BB369AF20E2C5A500BEA616 /* Roboto-Thin.ttf in Resources */ = {isa = PBXBuildFile; fileRef = 5BB3699D20E2C5A500BEA616 /* Roboto-Thin.ttf */; };
		5BB369B020E2C5A500BEA616 /* Roboto-ThinItalic.ttf in Resources */ = {isa = PBXBuildFile; fileRef = 5BB3699E20E2C5A500BEA616 /* Roboto-ThinItalic.ttf */; };
		5BB369B120E2C5A500BEA616 /* RobotoCondensed-Bold.ttf in Resources */ = {isa = PBXBuildFile; fileRef = 5BB3699F20E2C5A500BEA616 /* RobotoCondensed-Bold.ttf */; };
		5BB369B220E2C5A500BEA616 /* RobotoCondensed-BoldItalic.ttf in Resources */ = {isa = PBXBuildFile; fileRef = 5BB369A020E2C5A500BEA616 /* RobotoCondensed-BoldItalic.ttf */; };
		5BB369B320E2C5A500BEA616 /* RobotoCondensed-Italic.ttf in Resources */ = {isa = PBXBuildFile; fileRef = 5BB369A120E2C5A500BEA616 /* RobotoCondensed-Italic.ttf */; };
		5BB369B420E2C5A500BEA616 /* RobotoCondensed-Light.ttf in Resources */ = {isa = PBXBuildFile; fileRef = 5BB369A220E2C5A500BEA616 /* RobotoCondensed-Light.ttf */; };
		5BB369B520E2C5A500BEA616 /* RobotoCondensed-LightItalic.ttf in Resources */ = {isa = PBXBuildFile; fileRef = 5BB369A320E2C5A500BEA616 /* RobotoCondensed-LightItalic.ttf */; };
		5BB369B620E2C5A500BEA616 /* RobotoCondensed-Regular.ttf in Resources */ = {isa = PBXBuildFile; fileRef = 5BB369A420E2C5A500BEA616 /* RobotoCondensed-Regular.ttf */; };
		5BB369B820E2C82300BEA616 /* ButtonPrimary.swift in Sources */ = {isa = PBXBuildFile; fileRef = 5BB369B720E2C82300BEA616 /* ButtonPrimary.swift */; };
		5BB369BE20E2DF6000BEA616 /* HomeViewController.swift in Sources */ = {isa = PBXBuildFile; fileRef = 5BB369BD20E2DF6000BEA616 /* HomeViewController.swift */; };
		5D87CC16A1C0B298AE63BEA5 /* Pods_ShopCard.framework in Frameworks */ = {isa = PBXBuildFile; fileRef = 2BE6157A2DDD644A30B2834F /* Pods_ShopCard.framework */; };
/* End PBXBuildFile section */

/* Begin PBXFileReference section */
		2BE6157A2DDD644A30B2834F /* Pods_ShopCard.framework */ = {isa = PBXFileReference; explicitFileType = wrapper.framework; includeInIndex = 0; path = Pods_ShopCard.framework; sourceTree = BUILT_PRODUCTS_DIR; };
		3645A80314C6698D6AD0BB09 /* Pods-ShopCard.debug.xcconfig */ = {isa = PBXFileReference; includeInIndex = 1; lastKnownFileType = text.xcconfig; name = "Pods-ShopCard.debug.xcconfig"; path = "Pods/Target Support Files/Pods-ShopCard/Pods-ShopCard.debug.xcconfig"; sourceTree = "<group>"; };
		5B5D912F20DAE1C400C5ABAF /* ShopCard.app */ = {isa = PBXFileReference; explicitFileType = wrapper.application; includeInIndex = 0; path = ShopCard.app; sourceTree = BUILT_PRODUCTS_DIR; };
		5B5D913220DAE1C400C5ABAF /* AppDelegate.swift */ = {isa = PBXFileReference; lastKnownFileType = sourcecode.swift; path = AppDelegate.swift; sourceTree = "<group>"; };
		5B5D913920DAE1C400C5ABAF /* Assets.xcassets */ = {isa = PBXFileReference; lastKnownFileType = folder.assetcatalog; path = Assets.xcassets; sourceTree = "<group>"; };
		5B5D913C20DAE1C400C5ABAF /* Base */ = {isa = PBXFileReference; lastKnownFileType = file.storyboard; name = Base; path = Base.lproj/LaunchScreen.storyboard; sourceTree = "<group>"; };
		5B5D913E20DAE1C400C5ABAF /* Info.plist */ = {isa = PBXFileReference; lastKnownFileType = text.plist.xml; path = Info.plist; sourceTree = "<group>"; };
		5BB3697220DED24D00BEA616 /* LoginViewController.swift */ = {isa = PBXFileReference; fileEncoding = 4; lastKnownFileType = sourcecode.swift; name = LoginViewController.swift; path = ViewControllers/LoginViewController.swift; sourceTree = "<group>"; };
		5BB3697520DED27F00BEA616 /* SignUpViewController.swift */ = {isa = PBXFileReference; fileEncoding = 4; lastKnownFileType = sourcecode.swift; name = SignUpViewController.swift; path = ViewControllers/SignUpViewController.swift; sourceTree = "<group>"; };
		5BB3697720DED29100BEA616 /* ResetPasswordViewController.swift */ = {isa = PBXFileReference; fileEncoding = 4; lastKnownFileType = sourcecode.swift; name = ResetPasswordViewController.swift; path = ViewControllers/ResetPasswordViewController.swift; sourceTree = "<group>"; };
		5BB3697920DED68C00BEA616 /* Main.storyboard */ = {isa = PBXFileReference; fileEncoding = 4; lastKnownFileType = file.storyboard; name = Main.storyboard; path = ../Main.storyboard; sourceTree = "<group>"; };
		5BB3697D20DF9F7200BEA616 /* GoogleService-Info.plist */ = {isa = PBXFileReference; fileEncoding = 4; lastKnownFileType = text.plist.xml; name = "GoogleService-Info.plist"; path = "../../../../Downloads/GoogleService-Info.plist"; sourceTree = "<group>"; };
		5BB3697F20DFFDF200BEA616 /* LoginScreenTextField.swift */ = {isa = PBXFileReference; fileEncoding = 4; lastKnownFileType = sourcecode.swift; path = LoginScreenTextField.swift; sourceTree = "<group>"; };
		5BB3698420E001D100BEA616 /* NeoSans Black Italic.otf */ = {isa = PBXFileReference; lastKnownFileType = file; name = "NeoSans Black Italic.otf"; path = "../../../../Downloads/neosans/NeoSans Black Italic.otf"; sourceTree = "<group>"; };
		5BB3698520E001D100BEA616 /* NeoSans Black.otf */ = {isa = PBXFileReference; lastKnownFileType = file; name = "NeoSans Black.otf"; path = "../../../../Downloads/neosans/NeoSans Black.otf"; sourceTree = "<group>"; };
		5BB3698620E001D100BEA616 /* NeoSans Light Italic.otf */ = {isa = PBXFileReference; lastKnownFileType = file; name = "NeoSans Light Italic.otf"; path = "../../../../Downloads/neosans/NeoSans Light Italic.otf"; sourceTree = "<group>"; };
		5BB3698720E001D100BEA616 /* NeoSans Medium Italic.otf */ = {isa = PBXFileReference; lastKnownFileType = file; name = "NeoSans Medium Italic.otf"; path = "../../../../Downloads/neosans/NeoSans Medium Italic.otf"; sourceTree = "<group>"; };
		5BB3698C20E0074B00BEA616 /* shopCardLogo.png */ = {isa = PBXFileReference; lastKnownFileType = image.png; name = shopCardLogo.png; path = ../../../../Desktop/shopCardLogo.png; sourceTree = "<group>"; };
		5BB3699320E2C5A500BEA616 /* Roboto-Black.ttf */ = {isa = PBXFileReference; lastKnownFileType = file; name = "Roboto-Black.ttf"; path = "../../../../Downloads/roboto/Roboto-Black.ttf"; sourceTree = "<group>"; };
		5BB3699420E2C5A500BEA616 /* Roboto-BlackItalic.ttf */ = {isa = PBXFileReference; lastKnownFileType = file; name = "Roboto-BlackItalic.ttf"; path = "../../../../Downloads/roboto/Roboto-BlackItalic.ttf"; sourceTree = "<group>"; };
		5BB3699520E2C5A500BEA616 /* Roboto-Bold.ttf */ = {isa = PBXFileReference; lastKnownFileType = file; name = "Roboto-Bold.ttf"; path = "../../../../Downloads/roboto/Roboto-Bold.ttf"; sourceTree = "<group>"; };
		5BB3699620E2C5A500BEA616 /* Roboto-BoldItalic.ttf */ = {isa = PBXFileReference; lastKnownFileType = file; name = "Roboto-BoldItalic.ttf"; path = "../../../../Downloads/roboto/Roboto-BoldItalic.ttf"; sourceTree = "<group>"; };
		5BB3699720E2C5A500BEA616 /* Roboto-Italic.ttf */ = {isa = PBXFileReference; lastKnownFileType = file; name = "Roboto-Italic.ttf"; path = "../../../../Downloads/roboto/Roboto-Italic.ttf"; sourceTree = "<group>"; };
		5BB3699820E2C5A500BEA616 /* Roboto-Light.ttf */ = {isa = PBXFileReference; lastKnownFileType = file; name = "Roboto-Light.ttf"; path = "../../../../Downloads/roboto/Roboto-Light.ttf"; sourceTree = "<group>"; };
		5BB3699920E2C5A500BEA616 /* Roboto-LightItalic.ttf */ = {isa = PBXFileReference; lastKnownFileType = file; name = "Roboto-LightItalic.ttf"; path = "../../../../Downloads/roboto/Roboto-LightItalic.ttf"; sourceTree = "<group>"; };
		5BB3699A20E2C5A500BEA616 /* Roboto-Medium.ttf */ = {isa = PBXFileReference; lastKnownFileType = file; name = "Roboto-Medium.ttf"; path = "../../../../Downloads/roboto/Roboto-Medium.ttf"; sourceTree = "<group>"; };
		5BB3699B20E2C5A500BEA616 /* Roboto-MediumItalic.ttf */ = {isa = PBXFileReference; lastKnownFileType = file; name = "Roboto-MediumItalic.ttf"; path = "../../../../Downloads/roboto/Roboto-MediumItalic.ttf"; sourceTree = "<group>"; };
		5BB3699C20E2C5A500BEA616 /* Roboto-Regular.ttf */ = {isa = PBXFileReference; lastKnownFileType = file; name = "Roboto-Regular.ttf"; path = "../../../../Downloads/roboto/Roboto-Regular.ttf"; sourceTree = "<group>"; };
		5BB3699D20E2C5A500BEA616 /* Roboto-Thin.ttf */ = {isa = PBXFileReference; lastKnownFileType = file; name = "Roboto-Thin.ttf"; path = "../../../../Downloads/roboto/Roboto-Thin.ttf"; sourceTree = "<group>"; };
		5BB3699E20E2C5A500BEA616 /* Roboto-ThinItalic.ttf */ = {isa = PBXFileReference; lastKnownFileType = file; name = "Roboto-ThinItalic.ttf"; path = "../../../../Downloads/roboto/Roboto-ThinItalic.ttf"; sourceTree = "<group>"; };
		5BB3699F20E2C5A500BEA616 /* RobotoCondensed-Bold.ttf */ = {isa = PBXFileReference; lastKnownFileType = file; name = "RobotoCondensed-Bold.ttf"; path = "../../../../Downloads/roboto/RobotoCondensed-Bold.ttf"; sourceTree = "<group>"; };
		5BB369A020E2C5A500BEA616 /* RobotoCondensed-BoldItalic.ttf */ = {isa = PBXFileReference; lastKnownFileType = file; name = "RobotoCondensed-BoldItalic.ttf"; path = "../../../../Downloads/roboto/RobotoCondensed-BoldItalic.ttf"; sourceTree = "<group>"; };
		5BB369A120E2C5A500BEA616 /* RobotoCondensed-Italic.ttf */ = {isa = PBXFileReference; lastKnownFileType = file; name = "RobotoCondensed-Italic.ttf"; path = "../../../../Downloads/roboto/RobotoCondensed-Italic.ttf"; sourceTree = "<group>"; };
		5BB369A220E2C5A500BEA616 /* RobotoCondensed-Light.ttf */ = {isa = PBXFileReference; lastKnownFileType = file; name = "RobotoCondensed-Light.ttf"; path = "../../../../Downloads/roboto/RobotoCondensed-Light.ttf"; sourceTree = "<group>"; };
		5BB369A320E2C5A500BEA616 /* RobotoCondensed-LightItalic.ttf */ = {isa = PBXFileReference; lastKnownFileType = file; name = "RobotoCondensed-LightItalic.ttf"; path = "../../../../Downloads/roboto/RobotoCondensed-LightItalic.ttf"; sourceTree = "<group>"; };
		5BB369A420E2C5A500BEA616 /* RobotoCondensed-Regular.ttf */ = {isa = PBXFileReference; lastKnownFileType = file; name = "RobotoCondensed-Regular.ttf"; path = "../../../../Downloads/roboto/RobotoCondensed-Regular.ttf"; sourceTree = "<group>"; };
		5BB369B720E2C82300BEA616 /* ButtonPrimary.swift */ = {isa = PBXFileReference; fileEncoding = 4; lastKnownFileType = sourcecode.swift; path = ButtonPrimary.swift; sourceTree = "<group>"; };
		5BB369BD20E2DF6000BEA616 /* HomeViewController.swift */ = {isa = PBXFileReference; fileEncoding = 4; lastKnownFileType = sourcecode.swift; path = HomeViewController.swift; sourceTree = "<group>"; };
		F5CCBA313623350FE6775F1A /* Pods-ShopCard.release.xcconfig */ = {isa = PBXFileReference; includeInIndex = 1; lastKnownFileType = text.xcconfig; name = "Pods-ShopCard.release.xcconfig"; path = "Pods/Target Support Files/Pods-ShopCard/Pods-ShopCard.release.xcconfig"; sourceTree = "<group>"; };
/* End PBXFileReference section */

/* Begin PBXFrameworksBuildPhase section */
		5B5D912C20DAE1C400C5ABAF /* Frameworks */ = {
			isa = PBXFrameworksBuildPhase;
			buildActionMask = 2147483647;
			files = (
				5D87CC16A1C0B298AE63BEA5 /* Pods_ShopCard.framework in Frameworks */,
			);
			runOnlyForDeploymentPostprocessing = 0;
		};
/* End PBXFrameworksBuildPhase section */

/* Begin PBXGroup section */
		5B5D912620DAE1C400C5ABAF = {
			isa = PBXGroup;
			children = (
				5B5D913120DAE1C400C5ABAF /* ShopCard */,
				5B5D913020DAE1C400C5ABAF /* Products */,
				890243FC504C8DA4B1882F4E /* Pods */,
				97D514B68543E144A4FCCA6B /* Frameworks */,
			);
			sourceTree = "<group>";
		};
		5B5D913020DAE1C400C5ABAF /* Products */ = {
			isa = PBXGroup;
			children = (
				5B5D912F20DAE1C400C5ABAF /* ShopCard.app */,
			);
			name = Products;
			sourceTree = "<group>";
		};
		5B5D913120DAE1C400C5ABAF /* ShopCard */ = {
			isa = PBXGroup;
			children = (
				5BB369B920E2C82E00BEA616 /* theme */,
				5BB3698220E001B200BEA616 /* fonts */,
				5BB3697420DED26200BEA616 /* ViewControllers */,
				5B5D913220DAE1C400C5ABAF /* AppDelegate.swift */,
				5B5D913920DAE1C400C5ABAF /* Assets.xcassets */,
				5BB3698C20E0074B00BEA616 /* shopCardLogo.png */,
				5BB3697920DED68C00BEA616 /* Main.storyboard */,
				5B5D913B20DAE1C400C5ABAF /* LaunchScreen.storyboard */,
				5B5D913E20DAE1C400C5ABAF /* Info.plist */,
				5BB3697D20DF9F7200BEA616 /* GoogleService-Info.plist */,
			);
			path = ShopCard;
			sourceTree = "<group>";
		};
		5BB3697420DED26200BEA616 /* ViewControllers */ = {
			isa = PBXGroup;
			children = (
				5BB3697220DED24D00BEA616 /* LoginViewController.swift */,
				5BB3697520DED27F00BEA616 /* SignUpViewController.swift */,
				5BB3697720DED29100BEA616 /* ResetPasswordViewController.swift */,
				5BB369BD20E2DF6000BEA616 /* HomeViewController.swift */,
			);
			name = ViewControllers;
			sourceTree = "<group>";
		};
		5BB3698120DFFF8700BEA616 /* TextFields */ = {
			isa = PBXGroup;
			children = (
				5BB3697F20DFFDF200BEA616 /* LoginScreenTextField.swift */,
			);
			name = TextFields;
			sourceTree = "<group>";
		};
		5BB3698220E001B200BEA616 /* fonts */ = {
			isa = PBXGroup;
			children = (
				5BB3699220E2C57000BEA616 /* Roboto */,
				5BB3698320E001BA00BEA616 /* NeoSans */,
			);
			name = fonts;
			sourceTree = "<group>";
		};
		5BB3698320E001BA00BEA616 /* NeoSans */ = {
			isa = PBXGroup;
			children = (
				5BB3698420E001D100BEA616 /* NeoSans Black Italic.otf */,
				5BB3698520E001D100BEA616 /* NeoSans Black.otf */,
				5BB3698620E001D100BEA616 /* NeoSans Light Italic.otf */,
				5BB3698720E001D100BEA616 /* NeoSans Medium Italic.otf */,
			);
			name = NeoSans;
			sourceTree = "<group>";
		};
		5BB3699220E2C57000BEA616 /* Roboto */ = {
			isa = PBXGroup;
			children = (
				5BB3699320E2C5A500BEA616 /* Roboto-Black.ttf */,
				5BB3699420E2C5A500BEA616 /* Roboto-BlackItalic.ttf */,
				5BB3699520E2C5A500BEA616 /* Roboto-Bold.ttf */,
				5BB3699620E2C5A500BEA616 /* Roboto-BoldItalic.ttf */,
				5BB3699720E2C5A500BEA616 /* Roboto-Italic.ttf */,
				5BB3699820E2C5A500BEA616 /* Roboto-Light.ttf */,
				5BB3699920E2C5A500BEA616 /* Roboto-LightItalic.ttf */,
				5BB3699A20E2C5A500BEA616 /* Roboto-Medium.ttf */,
				5BB3699B20E2C5A500BEA616 /* Roboto-MediumItalic.ttf */,
				5BB3699C20E2C5A500BEA616 /* Roboto-Regular.ttf */,
				5BB3699D20E2C5A500BEA616 /* Roboto-Thin.ttf */,
				5BB3699E20E2C5A500BEA616 /* Roboto-ThinItalic.ttf */,
				5BB3699F20E2C5A500BEA616 /* RobotoCondensed-Bold.ttf */,
				5BB369A020E2C5A500BEA616 /* RobotoCondensed-BoldItalic.ttf */,
				5BB369A120E2C5A500BEA616 /* RobotoCondensed-Italic.ttf */,
				5BB369A220E2C5A500BEA616 /* RobotoCondensed-Light.ttf */,
				5BB369A320E2C5A500BEA616 /* RobotoCondensed-LightItalic.ttf */,
				5BB369A420E2C5A500BEA616 /* RobotoCondensed-Regular.ttf */,
			);
			name = Roboto;
			sourceTree = "<group>";
		};
		5BB369B920E2C82E00BEA616 /* theme */ = {
			isa = PBXGroup;
			children = (
				5BB369BA20E2C83A00BEA616 /* Buttons */,
				5BB3698120DFFF8700BEA616 /* TextFields */,
			);
			name = theme;
			sourceTree = "<group>";
		};
		5BB369BA20E2C83A00BEA616 /* Buttons */ = {
			isa = PBXGroup;
			children = (
				5BB369B720E2C82300BEA616 /* ButtonPrimary.swift */,
			);
			name = Buttons;
			sourceTree = "<group>";
		};
		890243FC504C8DA4B1882F4E /* Pods */ = {
			isa = PBXGroup;
			children = (
				3645A80314C6698D6AD0BB09 /* Pods-ShopCard.debug.xcconfig */,
				F5CCBA313623350FE6775F1A /* Pods-ShopCard.release.xcconfig */,
			);
			name = Pods;
			sourceTree = "<group>";
		};
		97D514B68543E144A4FCCA6B /* Frameworks */ = {
			isa = PBXGroup;
			children = (
				2BE6157A2DDD644A30B2834F /* Pods_ShopCard.framework */,
			);
			name = Frameworks;
			sourceTree = "<group>";
		};
/* End PBXGroup section */

/* Begin PBXNativeTarget section */
		5B5D912E20DAE1C400C5ABAF /* ShopCard */ = {
			isa = PBXNativeTarget;
			buildConfigurationList = 5B5D914120DAE1C400C5ABAF /* Build configuration list for PBXNativeTarget "ShopCard" */;
			buildPhases = (
				4DD3AAA9929A802035256A2C /* [CP] Check Pods Manifest.lock */,
				5B5D912B20DAE1C400C5ABAF /* Sources */,
				5B5D912C20DAE1C400C5ABAF /* Frameworks */,
				5B5D912D20DAE1C400C5ABAF /* Resources */,
				74102F575E3567302B6C5079 /* [CP] Embed Pods Frameworks */,
			);
			buildRules = (
			);
			dependencies = (
			);
			name = ShopCard;
			productName = ShopCard;
			productReference = 5B5D912F20DAE1C400C5ABAF /* ShopCard.app */;
			productType = "com.apple.product-type.application";
		};
/* End PBXNativeTarget section */

/* Begin PBXProject section */
		5B5D912720DAE1C400C5ABAF /* Project object */ = {
			isa = PBXProject;
			attributes = {
				LastSwiftUpdateCheck = 0820;
				LastUpgradeCheck = 0820;
				ORGANIZATIONNAME = "Martin Simonovski";
				TargetAttributes = {
					5B5D912E20DAE1C400C5ABAF = {
						CreatedOnToolsVersion = 8.2.1;
						ProvisioningStyle = Automatic;
					};
				};
			};
			buildConfigurationList = 5B5D912A20DAE1C400C5ABAF /* Build configuration list for PBXProject "ShopCard" */;
			compatibilityVersion = "Xcode 3.2";
			developmentRegion = English;
			hasScannedForEncodings = 0;
			knownRegions = (
				en,
				Base,
			);
			mainGroup = 5B5D912620DAE1C400C5ABAF;
			productRefGroup = 5B5D913020DAE1C400C5ABAF /* Products */;
			projectDirPath = "";
			projectRoot = "";
			targets = (
				5B5D912E20DAE1C400C5ABAF /* ShopCard */,
			);
		};
/* End PBXProject section */

/* Begin PBXResourcesBuildPhase section */
		5B5D912D20DAE1C400C5ABAF /* Resources */ = {
			isa = PBXResourcesBuildPhase;
			buildActionMask = 2147483647;
			files = (
				5BB369B220E2C5A500BEA616 /* RobotoCondensed-BoldItalic.ttf in Resources */,
				5BB3698A20E001D100BEA616 /* NeoSans Light Italic.otf in Resources */,
				5BB3698920E001D100BEA616 /* NeoSans Black.otf in Resources */,
				5BB369AB20E2C5A500BEA616 /* Roboto-LightItalic.ttf in Resources */,
				5BB369B520E2C5A500BEA616 /* RobotoCondensed-LightItalic.ttf in Resources */,
				5BB369B020E2C5A500BEA616 /* Roboto-ThinItalic.ttf in Resources */,
				5BB369B620E2C5A500BEA616 /* RobotoCondensed-Regular.ttf in Resources */,
				5BB369AC20E2C5A500BEA616 /* Roboto-Medium.ttf in Resources */,
				5BB369AA20E2C5A500BEA616 /* Roboto-Light.ttf in Resources */,
				5BB369A720E2C5A500BEA616 /* Roboto-Bold.ttf in Resources */,
				5BB3698D20E0074B00BEA616 /* shopCardLogo.png in Resources */,
				5BB369A820E2C5A500BEA616 /* Roboto-BoldItalic.ttf in Resources */,
				5BB369AF20E2C5A500BEA616 /* Roboto-Thin.ttf in Resources */,
				5BB369B120E2C5A500BEA616 /* RobotoCondensed-Bold.ttf in Resources */,
				5BB3698820E001D100BEA616 /* NeoSans Black Italic.otf in Resources */,
				5B5D913D20DAE1C400C5ABAF /* LaunchScreen.storyboard in Resources */,
				5BB369B420E2C5A500BEA616 /* RobotoCondensed-Light.ttf in Resources */,
				5BB3697E20DF9F7200BEA616 /* GoogleService-Info.plist in Resources */,
				5BB369A620E2C5A500BEA616 /* Roboto-BlackItalic.ttf in Resources */,
				5B5D913A20DAE1C400C5ABAF /* Assets.xcassets in Resources */,
				5BB369B320E2C5A500BEA616 /* RobotoCondensed-Italic.ttf in Resources */,
				5BB369A520E2C5A500BEA616 /* Roboto-Black.ttf in Resources */,
				5BB369A920E2C5A500BEA616 /* Roboto-Italic.ttf in Resources */,
				5BB369AE20E2C5A500BEA616 /* Roboto-Regular.ttf in Resources */,
				5BB3698B20E001D100BEA616 /* NeoSans Medium Italic.otf in Resources */,
				5BB369AD20E2C5A500BEA616 /* Roboto-MediumItalic.ttf in Resources */,
				5BB3697A20DED68C00BEA616 /* Main.storyboard in Resources */,
			);
			runOnlyForDeploymentPostprocessing = 0;
		};
/* End PBXResourcesBuildPhase section */

/* Begin PBXShellScriptBuildPhase section */
		4DD3AAA9929A802035256A2C /* [CP] Check Pods Manifest.lock */ = {
			isa = PBXShellScriptBuildPhase;
			buildActionMask = 2147483647;
			files = (
			);
			inputPaths = (
				"${PODS_PODFILE_DIR_PATH}/Podfile.lock",
				"${PODS_ROOT}/Manifest.lock",
			);
			name = "[CP] Check Pods Manifest.lock";
			outputPaths = (
				"$(DERIVED_FILE_DIR)/Pods-ShopCard-checkManifestLockResult.txt",
			);
			runOnlyForDeploymentPostprocessing = 0;
			shellPath = /bin/sh;
			shellScript = "diff \"${PODS_PODFILE_DIR_PATH}/Podfile.lock\" \"${PODS_ROOT}/Manifest.lock\" > /dev/null\nif [ $? != 0 ] ; then\n    # print error to STDERR\n    echo \"error: The sandbox is not in sync with the Podfile.lock. Run 'pod install' or update your CocoaPods installation.\" >&2\n    exit 1\nfi\n# This output is used by Xcode 'outputs' to avoid re-running this script phase.\necho \"SUCCESS\" > \"${SCRIPT_OUTPUT_FILE_0}\"\n";
			showEnvVarsInLog = 0;
		};
		74102F575E3567302B6C5079 /* [CP] Embed Pods Frameworks */ = {
			isa = PBXShellScriptBuildPhase;
			buildActionMask = 2147483647;
			files = (
			);
			inputPaths = (
				"${SRCROOT}/Pods/Target Support Files/Pods-ShopCard/Pods-ShopCard-frameworks.sh",
				"${BUILT_PRODUCTS_DIR}/GTMSessionFetcher/GTMSessionFetcher.framework",
				"${BUILT_PRODUCTS_DIR}/GoogleToolboxForMac/GoogleToolboxForMac.framework",
				"${BUILT_PRODUCTS_DIR}/leveldb-library/leveldb.framework",
				"${BUILT_PRODUCTS_DIR}/nanopb/nanopb.framework",
			);
			name = "[CP] Embed Pods Frameworks";
			outputPaths = (
				"${TARGET_BUILD_DIR}/${FRAMEWORKS_FOLDER_PATH}/GTMSessionFetcher.framework",
				"${TARGET_BUILD_DIR}/${FRAMEWORKS_FOLDER_PATH}/GoogleToolboxForMac.framework",
				"${TARGET_BUILD_DIR}/${FRAMEWORKS_FOLDER_PATH}/leveldb.framework",
				"${TARGET_BUILD_DIR}/${FRAMEWORKS_FOLDER_PATH}/nanopb.framework",
			);
			runOnlyForDeploymentPostprocessing = 0;
			shellPath = /bin/sh;
			shellScript = "\"${SRCROOT}/Pods/Target Support Files/Pods-ShopCard/Pods-ShopCard-frameworks.sh\"\n";
			showEnvVarsInLog = 0;
		};
/* End PBXShellScriptBuildPhase section */

/* Begin PBXSourcesBuildPhase section */
		5B5D912B20DAE1C400C5ABAF /* Sources */ = {
			isa = PBXSourcesBuildPhase;
			buildActionMask = 2147483647;
			files = (
				5BB369B820E2C82300BEA616 /* ButtonPrimary.swift in Sources */,
				5BB3697620DED27F00BEA616 /* SignUpViewController.swift in Sources */,
				5BB3697320DED24D00BEA616 /* LoginViewController.swift in Sources */,
				5B5D913320DAE1C400C5ABAF /* AppDelegate.swift in Sources */,
				5BB3697820DED29100BEA616 /* ResetPasswordViewController.swift in Sources */,
				5BB369BE20E2DF6000BEA616 /* HomeViewController.swift in Sources */,
				5BB3698020DFFDF200BEA616 /* LoginScreenTextField.swift in Sources */,
			);
			runOnlyForDeploymentPostprocessing = 0;
		};
/* End PBXSourcesBuildPhase section */

/* Begin PBXVariantGroup section */
		5B5D913B20DAE1C400C5ABAF /* LaunchScreen.storyboard */ = {
			isa = PBXVariantGroup;
			children = (
				5B5D913C20DAE1C400C5ABAF /* Base */,
			);
			name = LaunchScreen.storyboard;
			sourceTree = "<group>";
		};
/* End PBXVariantGroup section */

/* Begin XCBuildConfiguration section */
		5B5D913F20DAE1C400C5ABAF /* Debug */ = {
			isa = XCBuildConfiguration;
			buildSettings = {
				ALWAYS_SEARCH_USER_PATHS = NO;
				CLANG_ANALYZER_NONNULL = YES;
				CLANG_CXX_LANGUAGE_STANDARD = "gnu++0x";
				CLANG_CXX_LIBRARY = "libc++";
				CLANG_ENABLE_MODULES = YES;
				CLANG_ENABLE_OBJC_ARC = YES;
				CLANG_WARN_BOOL_CONVERSION = YES;
				CLANG_WARN_CONSTANT_CONVERSION = YES;
				CLANG_WARN_DIRECT_OBJC_ISA_USAGE = YES_ERROR;
				CLANG_WARN_DOCUMENTATION_COMMENTS = YES;
				CLANG_WARN_EMPTY_BODY = YES;
				CLANG_WARN_ENUM_CONVERSION = YES;
				CLANG_WARN_INFINITE_RECURSION = YES;
				CLANG_WARN_INT_CONVERSION = YES;
				CLANG_WARN_OBJC_ROOT_CLASS = YES_ERROR;
				CLANG_WARN_SUSPICIOUS_MOVE = YES;
				CLANG_WARN_UNREACHABLE_CODE = YES;
				CLANG_WARN__DUPLICATE_METHOD_MATCH = YES;
				"CODE_SIGN_IDENTITY[sdk=iphoneos*]" = "iPhone Developer";
				COPY_PHASE_STRIP = NO;
				DEBUG_INFORMATION_FORMAT = dwarf;
				ENABLE_STRICT_OBJC_MSGSEND = YES;
				ENABLE_TESTABILITY = YES;
				GCC_C_LANGUAGE_STANDARD = gnu99;
				GCC_DYNAMIC_NO_PIC = NO;
				GCC_NO_COMMON_BLOCKS = YES;
				GCC_OPTIMIZATION_LEVEL = 0;
				GCC_PREPROCESSOR_DEFINITIONS = (
					"DEBUG=1",
					"$(inherited)",
				);
				GCC_WARN_64_TO_32_BIT_CONVERSION = YES;
				GCC_WARN_ABOUT_RETURN_TYPE = YES_ERROR;
				GCC_WARN_UNDECLARED_SELECTOR = YES;
				GCC_WARN_UNINITIALIZED_AUTOS = YES_AGGRESSIVE;
				GCC_WARN_UNUSED_FUNCTION = YES;
				GCC_WARN_UNUSED_VARIABLE = YES;
				IPHONEOS_DEPLOYMENT_TARGET = 10.2;
				MTL_ENABLE_DEBUG_INFO = YES;
				ONLY_ACTIVE_ARCH = YES;
				SDKROOT = iphoneos;
				SWIFT_ACTIVE_COMPILATION_CONDITIONS = DEBUG;
				SWIFT_OPTIMIZATION_LEVEL = "-Onone";
				TARGETED_DEVICE_FAMILY = "1,2";
			};
			name = Debug;
		};
		5B5D914020DAE1C400C5ABAF /* Release */ = {
			isa = XCBuildConfiguration;
			buildSettings = {
				ALWAYS_SEARCH_USER_PATHS = NO;
				CLANG_ANALYZER_NONNULL = YES;
				CLANG_CXX_LANGUAGE_STANDARD = "gnu++0x";
				CLANG_CXX_LIBRARY = "libc++";
				CLANG_ENABLE_MODULES = YES;
				CLANG_ENABLE_OBJC_ARC = YES;
				CLANG_WARN_BOOL_CONVERSION = YES;
				CLANG_WARN_CONSTANT_CONVERSION = YES;
				CLANG_WARN_DIRECT_OBJC_ISA_USAGE = YES_ERROR;
				CLANG_WARN_DOCUMENTATION_COMMENTS = YES;
				CLANG_WARN_EMPTY_BODY = YES;
				CLANG_WARN_ENUM_CONVERSION = YES;
				CLANG_WARN_INFINITE_RECURSION = YES;
				CLANG_WARN_INT_CONVERSION = YES;
				CLANG_WARN_OBJC_ROOT_CLASS = YES_ERROR;
				CLANG_WARN_SUSPICIOUS_MOVE = YES;
				CLANG_WARN_UNREACHABLE_CODE = YES;
				CLANG_WARN__DUPLICATE_METHOD_MATCH = YES;
				"CODE_SIGN_IDENTITY[sdk=iphoneos*]" = "iPhone Developer";
				COPY_PHASE_STRIP = NO;
				DEBUG_INFORMATION_FORMAT = "dwarf-with-dsym";
				ENABLE_NS_ASSERTIONS = NO;
				ENABLE_STRICT_OBJC_MSGSEND = YES;
				GCC_C_LANGUAGE_STANDARD = gnu99;
				GCC_NO_COMMON_BLOCKS = YES;
				GCC_WARN_64_TO_32_BIT_CONVERSION = YES;
				GCC_WARN_ABOUT_RETURN_TYPE = YES_ERROR;
				GCC_WARN_UNDECLARED_SELECTOR = YES;
				GCC_WARN_UNINITIALIZED_AUTOS = YES_AGGRESSIVE;
				GCC_WARN_UNUSED_FUNCTION = YES;
				GCC_WARN_UNUSED_VARIABLE = YES;
				IPHONEOS_DEPLOYMENT_TARGET = 10.2;
				MTL_ENABLE_DEBUG_INFO = NO;
				SDKROOT = iphoneos;
				SWIFT_OPTIMIZATION_LEVEL = "-Owholemodule";
				TARGETED_DEVICE_FAMILY = "1,2";
				VALIDATE_PRODUCT = YES;
			};
			name = Release;
		};
		5B5D914220DAE1C400C5ABAF /* Debug */ = {
			isa = XCBuildConfiguration;
			baseConfigurationReference = 3645A80314C6698D6AD0BB09 /* Pods-ShopCard.debug.xcconfig */;
			buildSettings = {
				ASSETCATALOG_COMPILER_APPICON_NAME = AppIcon;
				INFOPLIST_FILE = ShopCard/Info.plist;
				IPHONEOS_DEPLOYMENT_TARGET = 10.1;
				LD_RUNPATH_SEARCH_PATHS = "$(inherited) @executable_path/Frameworks";
				PRODUCT_BUNDLE_IDENTIFIER = martin.ShopCard;
				PRODUCT_NAME = "$(TARGET_NAME)";
				SWIFT_VERSION = 3.0;
			};
			name = Debug;
		};
		5B5D914320DAE1C400C5ABAF /* Release */ = {
			isa = XCBuildConfiguration;
			baseConfigurationReference = F5CCBA313623350FE6775F1A /* Pods-ShopCard.release.xcconfig */;
			buildSettings = {
				ASSETCATALOG_COMPILER_APPICON_NAME = AppIcon;
				INFOPLIST_FILE = ShopCard/Info.plist;
				IPHONEOS_DEPLOYMENT_TARGET = 10.1;
				LD_RUNPATH_SEARCH_PATHS = "$(inherited) @executable_path/Frameworks";
				PRODUCT_BUNDLE_IDENTIFIER = martin.ShopCard;
				PRODUCT_NAME = "$(TARGET_NAME)";
				SWIFT_VERSION = 3.0;
			};
			name = Release;
		};
/* End XCBuildConfiguration section */

/* Begin XCConfigurationList section */
		5B5D912A20DAE1C400C5ABAF /* Build configuration list for PBXProject "ShopCard" */ = {
			isa = XCConfigurationList;
			buildConfigurations = (
				5B5D913F20DAE1C400C5ABAF /* Debug */,
				5B5D914020DAE1C400C5ABAF /* Release */,
			);
			defaultConfigurationIsVisible = 0;
			defaultConfigurationName = Release;
		};
		5B5D914120DAE1C400C5ABAF /* Build configuration list for PBXNativeTarget "ShopCard" */ = {
			isa = XCConfigurationList;
			buildConfigurations = (
				5B5D914220DAE1C400C5ABAF /* Debug */,
				5B5D914320DAE1C400C5ABAF /* Release */,
			);
			defaultConfigurationIsVisible = 0;
			defaultConfigurationName = Release;
		};
/* End XCConfigurationList section */
	};
	rootObject = 5B5D912720DAE1C400C5ABAF /* Project object */;
}
